
Microsoft Visual Studio Solution File, Format Version 12.00
Project("{FAE04EC0-301F-11D3-BF4B-00C04F79EFBC}") = "Family.Domain", "src\Family.Domain\Family.Domain.csproj", "{00000000-0000-0000-0000-000000000000}"
EndProject
Project("{FAE04EC0-301F-11D3-BF4B-00C04F79EFBC}") = "Family.Infrastructure.EntityFramework", "src\Family.Infastructure\EntityFramework\Family.Infrastructure.EntityFramework\Family.Infrastructure.EntityFramework.csproj", "{523B5B03-8891-4781-8317-F90AE2FA80F4}"
EndProject
Project("{FAE04EC0-301F-11D3-BF4B-00C04F79EFBC}") = "Family.Infrastructure.Repositories.Implementations", "src\Family.Infastructure\Repositories\Family.Infrastructure.Repositories.Implementations\Family.Infrastructure.Repositories.Implementations.csproj", "{EBC0C52F-600D-4898-A960-D3D5217C1FAB}"
EndProject
Global
	GlobalSection(SolutionConfigurationPlatforms) = preSolution
		Debug|Any CPU = Debug|Any CPU
		Release|Any CPU = Release|Any CPU
	EndGlobalSection
	GlobalSection(ProjectConfigurationPlatforms) = postSolution
		{9B01E6D1-A531-45C0-8E60-9E42FE275923}.Debug|Any CPU.ActiveCfg = Debug|Any CPU
		{9B01E6D1-A531-45C0-8E60-9E42FE275923}.Debug|Any CPU.Build.0 = Debug|Any CPU
		{9B01E6D1-A531-45C0-8E60-9E42FE275923}.Release|Any CPU.ActiveCfg = Release|Any CPU
		{523B5B03-8891-4781-8317-F90AE2FA80F4}.Debug|Any CPU.ActiveCfg = Debug|Any CPU
		{523B5B03-8891-4781-8317-F90AE2FA80F4}.Debug|Any CPU.Build.0 = Debug|Any CPU
		{523B5B03-8891-4781-8317-F90AE2FA80F4}.Release|Any CPU.ActiveCfg = Release|Any CPU
		{523B5B03-8891-4781-8317-F90AE2FA80F4}.Release|Any CPU.Build.0 = Release|Any CPU
		{EBC0C52F-600D-4898-A960-D3D5217C1FAB}.Debug|Any CPU.ActiveCfg = Debug|Any CPU
		{EBC0C52F-600D-4898-A960-D3D5217C1FAB}.Debug|Any CPU.Build.0 = Debug|Any CPU
		{EBC0C52F-600D-4898-A960-D3D5217C1FAB}.Release|Any CPU.ActiveCfg = Release|Any CPU
		{EBC0C52F-600D-4898-A960-D3D5217C1FAB}.Release|Any CPU.Build.0 = Release|Any CPU
	EndGlobalSection
EndGlobal
